{
  "version": 4,
  "terraform_version": "1.0.9",
  "serial": 18,
  "lineage": "445e2ee6-af9e-9e07-5c2c-50d1d59510ec",
  "outputs": {},
  "resources": [
    {
      "module": "module.Infrastructure",
      "mode": "managed",
      "type": "aws_key_pair",
      "name": "generated_key",
      "provider": "provider[\"registry.terraform.io/hashicorp/aws\"]",
      "instances": [
        {
          "schema_version": 1,
          "attributes": {
            "arn": "arn:aws:ec2:us-east-1:336551641210:key-pair/key",
            "fingerprint": "8a:d2:cd:e7:b3:36:c6:f1:96:23:56:6f:da:af:25:4e",
            "id": "key",
            "key_name": "key",
            "key_name_prefix": "",
            "key_pair_id": "key-09c49358d40178bfe",
            "public_key": "ssh-rsa AAAAB3NzaC1yc2EAAAADAQABAAACAQDUiK4gwdVNtN/n1OQGpBh3FzP0rAGgOIiTvAFWUt8aafPL2sK9wmOXb3/uevR2fpb45mj5bYIsWAO73ijDlsF1jFr+TzWqYXHMSvuOfPq5EGcnqFa2cEkhT9tSlfPTlxw5WPt9CVdyoBJ2wMmlcPsNAvXRbcu8jtQuOPImPp4FwNJYSMtQXB9XoVOomxRo0e4VAHW000dxdZyu8Qo1eJ82gRwXu9gykGkk5+LidztYKUShvidLUEV2oFayBjv/fMvMyByv1qvb6hbvmTT3DmK99aepk4pZe9xBxGI/nuTBRc7iY0cRhko0Ffn1DvM+C2zsxMVGlz+JolJNDqu+yWUeWCWzkPhg3TfUM8TeXKmXoTIh+Pq1MvrbUP3qtM5qLDfu+2YkBEh1CtRNAK/Tamun1PAoDcrsy82bbzojnQaiXExM+qH0wRMsDvRxFr7semURPT8zfsmLer2XO4xcnuFG6qbsdQHDUFGWQ+tem5sJEkpbIc+m7bjJkP2Jup99Kk+uOzBx52ddoZ7w9LbwUDPLUUqT1jSW+L6y3IGKJhUsKsHfVDdAfn5yL561WIoGhfMM/R3vhGEYQw0ABjYoKap3VCrDaaz387gNEQ0sMPsatEoXFw+Dai1lVncyl/vyRd9cyTAULu5hK2H4Viy9X1Br8nGKNVInKKHuw3/NE4Hv3w==",
            "tags": {},
            "tags_all": {}
          },
          "sensitive_attributes": [],
          "private": "eyJzY2hlbWFfdmVyc2lvbiI6IjEifQ==",
          "dependencies": [
            "module.iam.aws_iam_instance_profile.EC2Acess__profile",
            "module.iam.aws_iam_role_policy.EC2Acess_policy",
            "module.iam.aws_iam_role_policy.OpsWorksAcess_policy",
            "module.network.aws_security_group_rule.FrontEndSGEgress",
            "module.network.aws_security_group_rule.FrontEndSGIngress",
            "module.Infrastructure.tls_private_key.privkey",
            "module.iam.aws_iam_role.EC2Acess_role",
            "module.iam.aws_iam_role.OpsWorksAcess_role",
            "module.network.aws_default_subnet.default_az1",
            "module.network.aws_default_vpc.default",
            "module.network.aws_security_group.FrontEndSG"
          ]
        }
      ]
    },
    {
      "module": "module.Infrastructure",
      "mode": "managed",
      "type": "aws_opsworks_custom_layer",
      "name": "FrontEndLayer",
      "provider": "provider[\"registry.terraform.io/hashicorp/aws\"]",
      "instances": [
        {
          "schema_version": 0,
          "attributes": {
            "arn": "arn:aws:opsworks:us-east-1:336551641210:layer/e824a8b8-abc4-4b54-87b7-b1dd6a28aad8",
            "auto_assign_elastic_ips": false,
            "auto_assign_public_ips": true,
            "auto_healing": true,
            "custom_configure_recipes": [
              "nginx::NginxInstall"
            ],
            "custom_deploy_recipes": [],
            "custom_instance_profile_arn": "",
            "custom_json": "",
            "custom_security_group_ids": [
              "sg-07471b2f40ee7285d"
            ],
            "custom_setup_recipes": [],
            "custom_shutdown_recipes": [],
            "custom_undeploy_recipes": [],
            "drain_elb_on_shutdown": true,
            "ebs_volume": [],
            "elastic_load_balancer": "",
            "id": "e824a8b8-abc4-4b54-87b7-b1dd6a28aad8",
            "install_updates_on_boot": true,
            "instance_shutdown_timeout": 120,
            "name": "FrontEndLayer",
            "short_name": "frontendlayer",
            "stack_id": "6b870a76-62d9-4244-9954-087b17592c68",
            "system_packages": [],
            "tags": {},
            "tags_all": {},
            "use_ebs_optimized_instances": false
          },
          "sensitive_attributes": [],
          "private": "bnVsbA==",
          "dependencies": [
            "module.network.aws_default_vpc.default",
            "module.network.aws_security_group_rule.FrontEndSGEgress",
            "module.network.aws_security_group_rule.FrontEndSGIngress",
            "module.Infrastructure.aws_key_pair.generated_key",
            "module.iam.aws_iam_instance_profile.EC2Acess__profile",
            "module.iam.aws_iam_role_policy.EC2Acess_policy",
            "module.network.aws_default_subnet.default_az1",
            "module.iam.aws_iam_role_policy.OpsWorksAcess_policy",
            "module.network.aws_security_group.FrontEndSG",
            "module.Infrastructure.aws_opsworks_stack.FrontEndStack",
            "module.Infrastructure.tls_private_key.privkey",
            "module.iam.aws_iam_role.EC2Acess_role",
            "module.iam.aws_iam_role.OpsWorksAcess_role"
          ]
        }
      ]
    },
    {
      "module": "module.Infrastructure",
      "mode": "managed",
      "type": "aws_opsworks_instance",
      "name": "frontEnd_Instance",
      "provider": "provider[\"registry.terraform.io/hashicorp/aws\"]",
      "instances": [
        {
          "schema_version": 0,
          "attributes": {
            "agent_version": "INHERIT",
            "ami_id": "ami-095192256fe1477ad",
            "architecture": "x86_64",
            "auto_scaling_type": "",
            "availability_zone": "us-east-1a",
            "created_at": "2021-12-10T16:16:13+00:00",
            "delete_ebs": true,
            "delete_eip": true,
            "ebs_block_device": [],
            "ebs_optimized": false,
            "ec2_instance_id": "i-0ed4763fe4d3f9447",
            "ecs_cluster_arn": "",
            "elastic_ip": "",
            "ephemeral_block_device": [],
            "hostname": "frontendlayer1",
            "id": "21b43525-c6ac-4377-993c-3f13dc0aaa7a",
            "infrastructure_class": "ec2",
            "install_updates_on_boot": true,
            "instance_profile_arn": "arn:aws:iam::336551641210:instance-profile/EC2Acess__profile",
            "instance_type": "t2.micro",
            "last_service_error_id": "",
            "layer_ids": [
              "e824a8b8-abc4-4b54-87b7-b1dd6a28aad8"
            ],
            "os": "Ubuntu 18.04 LTS",
            "platform": "linux",
            "private_dns": "ip-172-31-11-149.ec2.internal",
            "private_ip": "172.31.11.149",
            "public_dns": "ec2-44-198-174-37.compute-1.amazonaws.com",
            "public_ip": "44.198.174.37",
            "registered_by": "",
            "reported_agent_version": "4039-20200430042739",
            "reported_os_family": "debian",
            "reported_os_name": "ubuntu",
            "reported_os_version": "18.04",
            "root_block_device": [],
            "root_device_type": "ebs",
            "root_device_volume_id": "vol-065ae6ae3b61e63f7",
            "security_group_ids": [
              "sg-07471b2f40ee7285d"
            ],
            "ssh_host_dsa_key_fingerprint": "ad:86:e3:47:99:c0:a4:ab:58:77:ab:fd:ae:d9:18:97",
            "ssh_host_rsa_key_fingerprint": "6c:c2:68:e8:ed:de:79:b4:63:f7:03:a6:72:ab:93:34",
            "ssh_key_name": "key",
            "stack_id": "6b870a76-62d9-4244-9954-087b17592c68",
            "state": "stopped",
            "status": "online",
            "subnet_id": "subnet-0ebaa3437fca04e2f",
            "tenancy": "default",
            "timeouts": null,
            "virtualization_type": "hvm"
          },
          "sensitive_attributes": [],
          "private": "eyJlMmJmYjczMC1lY2FhLTExZTYtOGY4OC0zNDM2M2JjN2M0YzAiOnsiY3JlYXRlIjo2MDAwMDAwMDAwMDAsImRlbGV0ZSI6NjAwMDAwMDAwMDAwLCJ1cGRhdGUiOjYwMDAwMDAwMDAwMH19",
          "dependencies": [
            "module.Infrastructure.aws_key_pair.generated_key",
            "module.Infrastructure.aws_opsworks_stack.FrontEndStack",
            "module.iam.aws_iam_instance_profile.EC2Acess__profile",
            "module.iam.aws_iam_role.OpsWorksAcess_role",
            "module.iam.aws_iam_role.EC2Acess_role",
            "module.network.aws_security_group.FrontEndSG",
            "module.Infrastructure.tls_private_key.privkey",
            "module.iam.aws_iam_role_policy.EC2Acess_policy",
            "module.iam.aws_iam_role_policy.OpsWorksAcess_policy",
            "module.network.aws_default_vpc.default",
            "module.Infrastructure.aws_opsworks_custom_layer.FrontEndLayer",
            "module.network.aws_default_subnet.default_az1",
            "module.network.aws_security_group_rule.FrontEndSGEgress",
            "module.network.aws_security_group_rule.FrontEndSGIngress"
          ]
        }
      ]
    },
    {
      "module": "module.Infrastructure",
      "mode": "managed",
      "type": "aws_opsworks_stack",
      "name": "FrontEndStack",
      "provider": "provider[\"registry.terraform.io/hashicorp/aws\"]",
      "instances": [
        {
          "schema_version": 0,
          "attributes": {
            "agent_version": "LATEST",
            "arn": "arn:aws:opsworks:us-east-1:336551641210:stack/6b870a76-62d9-4244-9954-087b17592c68/",
            "berkshelf_version": "3.2.0",
            "color": "rgb(135, 61, 98)",
            "configuration_manager_name": "Chef",
            "configuration_manager_version": "12",
            "custom_cookbooks_source": [
              {
                "password": "",
                "revision": "",
                "ssh_key": "",
                "type": "git",
                "url": "https://github.com/BrunoHigino06/OpsWorkRecipes.git",
                "username": ""
              }
            ],
            "custom_json": null,
            "default_availability_zone": "us-east-1a",
            "default_instance_profile_arn": "arn:aws:iam::336551641210:instance-profile/EC2Acess__profile",
            "default_os": "Ubuntu 18.04 LTS",
            "default_root_device_type": "instance-store",
            "default_ssh_key_name": "key",
            "default_subnet_id": "subnet-0ebaa3437fca04e2f",
            "hostname_theme": "Layer_Dependent",
            "id": "6b870a76-62d9-4244-9954-087b17592c68",
            "manage_berkshelf": false,
            "name": "FrontEndStack",
            "region": "us-east-1",
            "service_role_arn": "arn:aws:iam::336551641210:role/OpsWorksAcess",
            "stack_endpoint": "us-east-1",
            "tags": {},
            "tags_all": {},
            "use_custom_cookbooks": true,
            "use_opsworks_security_groups": false,
            "vpc_id": "vpc-022954133a5c7a304"
          },
          "sensitive_attributes": [],
          "private": "bnVsbA==",
          "dependencies": [
            "module.network.aws_security_group_rule.FrontEndSGIngress",
            "module.iam.aws_iam_instance_profile.EC2Acess__profile",
            "module.iam.aws_iam_role_policy.OpsWorksAcess_policy",
            "module.network.aws_default_vpc.default",
            "module.network.aws_security_group.FrontEndSG",
            "module.iam.aws_iam_role_policy.EC2Acess_policy",
            "module.network.aws_default_subnet.default_az1",
            "module.network.aws_security_group_rule.FrontEndSGEgress",
            "module.Infrastructure.aws_key_pair.generated_key",
            "module.Infrastructure.tls_private_key.privkey",
            "module.iam.aws_iam_role.EC2Acess_role",
            "module.iam.aws_iam_role.OpsWorksAcess_role"
          ]
        }
      ]
    },
    {
      "module": "module.Infrastructure",
      "mode": "managed",
      "type": "null_resource",
      "name": "generating_key_archive",
      "provider": "provider[\"registry.terraform.io/hashicorp/null\"]",
      "instances": [
        {
          "schema_version": 0,
          "attributes": {
            "id": "4323813221223813270",
            "triggers": null
          },
          "sensitive_attributes": [],
          "private": "bnVsbA==",
          "dependencies": [
            "module.Infrastructure.tls_private_key.privkey",
            "module.iam.aws_iam_instance_profile.EC2Acess__profile",
            "module.iam.aws_iam_role.EC2Acess_role",
            "module.iam.aws_iam_role.OpsWorksAcess_role",
            "module.iam.aws_iam_role_policy.EC2Acess_policy",
            "module.iam.aws_iam_role_policy.OpsWorksAcess_policy",
            "module.network.aws_default_subnet.default_az1",
            "module.network.aws_default_vpc.default",
            "module.network.aws_security_group.FrontEndSG",
            "module.network.aws_security_group_rule.FrontEndSGEgress",
            "module.network.aws_security_group_rule.FrontEndSGIngress"
          ]
        }
      ]
    },
    {
      "module": "module.Infrastructure",
      "mode": "managed",
      "type": "tls_private_key",
      "name": "privkey",
      "provider": "provider[\"registry.terraform.io/hashicorp/tls\"]",
      "instances": [
        {
          "schema_version": 0,
          "attributes": {
            "algorithm": "RSA",
            "ecdsa_curve": "P224",
            "id": "515b6b8dd0cdbaaa4c274bf41d12fffebdfae73d",
            "private_key_pem": "-----BEGIN RSA PRIVATE KEY-----\nMIIJKAIBAAKCAgEA1IiuIMHVTbTf59TkBqQYdxcz9KwBoDiIk7wBVlLfGmnzy9rC\nvcJjl29/7nr0dn6W+OZo+W2CLFgDu94ow5bBdYxa/k81qmFxzEr7jnz6uRBnJ6hW\ntnBJIU/bUpXz05ccOVj7fQlXcqASdsDJpXD7DQL10W3LvI7ULjjyJj6eBcDSWEjL\nUFwfV6FTqJsUaNHuFQB1tNNHcXWcrvEKNXifNoEcF7vYMpBpJOfi4nc7WClEob4n\nS1BFdqBWsgY7/3zLzMgcr9ar2+oW75k09w5ivfWnqZOKWXvcQcRiP57kwUXO4mNH\nEYZKNBX59Q7zPgts7MTFRpc/iaJSTQ6rvsllHlgls5D4YN031DPE3lypl6EyIfj6\ntTL621D96rTOaiw37vtmJARIdQrUTQCv02prp9TwKA3K7MvNm286I50GolxMTPqh\n9METLA70cRa+7HplET0/M37Ji3q9lzuMXJ7hRuqm7HUBw1BRlkPrXpubCRJKWyHP\npu24yZD9ibqffSpPrjswcednXaGe8PS28FAzy1FKk9Y0lvi+styBiiYVLCrB31Q3\nQH5+ci+etViKBoXzDP0d74RhGEMNAAY2KCmqd1Qqw2ms9/O4DRENLDD7GrRKFxcP\ng2otZVZ3Mpf78kXfXMkwFC7uYSth+FYsvV9Qa/JxijVSJyih7sN/zROB798CAwEA\nAQKCAgASLutu5AaC0nHBnOYxZ0KslbCdQ0YUViHhOdmHcCmkUeJI05uLrqDkqOZy\nGdTmemgiPVxH0sWrU5BmN1iXe0Nr8ikqzs4RmKqqxtOE2k59HNkmfHGGxE6Nag6i\nny+wL6J7iZBinzT7GpTZ0h6uZ98iutkbJOCkbjfbCIY3HW5ZoaidYwT6CBeqYKQO\nrc3uNd+/rj1jzhuzqlNQaFDuSDae7CbiJPEXSmGkha5Un8zU+xrjF6i2+dQnlQo1\nyvDBKAUrrQc/SAeGFh4GO75bUMDD7ct9Z6ETjNRIUCvzs31wx68ukT3YUvvwPt0W\nyUOoUEPucdtK8c++z8No0lOBTCu5Z/bAr2qC6T8IEF3ron5tXjy4af4zVL5gnmO5\ndWhv9/ANrPzThhFLKjyoW1SA2NZlYU9A4DFEinU7+3hadnC+qRiwAamjy86gB7QO\n5AJL/8w3A3Kf1x+UeohKrRK1jr5j4dakr4zx1TakZurctR8tIIISJLFSaNGbtYyz\nh3a5GmvBW/ojjRgM7eFidl/WzgIrbtJnNoAwqQ9m8+rzbrFvNwlm6Ubhw8r0Wb4H\nLdgsNJYW6cZ7aeBGhP0msnLvgOauUYWCViKaf0fyZcrGN56gUlhLqFXjd+yFF6Ch\nUJkdDYJfJImij9akpznlKHc3jIxk8Gv+CsU78kbOOB4qQVI6EQKCAQEA4+t/Xkm5\nQUo99ecseMGyM4g07+227grOv/P/G5NArvYF5bChXvICkWEwTGgRYXGfP2HF9Gtq\naKDqEGlzQo+QVbK/MAknVBtv9SyFkw854+MAikFIKYn+65mXGA/9F1gmkoKtgQWh\nPUk8ZqWlyvuzqwf/x2igmKQusLWZ2hjQU4Rb+uKGFgglIBBBUoYmmFl98Xckd3PI\n7NB7YaMdxUUZVisRn0AZvtlvc9+kjC531ohJgAmTsscZrJ1ORsVmXQq7clpcdLUQ\nsc8nnq9SJGRR778eltzlu4XK7JUIb3nybqyD2uyzXaO1avFUhcM1oyBqQjnO6myn\nTA9FcNOJp6Bf6QKCAQEA7rfqCv9FOpbqUvXY9DPgSNB5/gTxWdD8Ur8kBltJnWYu\nEiul2jeSgGXMfCyJxRLFEhSEAIdtCEgFfAU+T6KIDpLtyuMQ10i89AS1UPPdC3jZ\n4Vm5B7+uboGWm68GHKeNFt+ZZCLJiayNS2KvjBiiKuQukv8DUAMAuuonTCDszFhd\n0I71ZS67UTEqGOK0uQp/AQyM9dwxHIBRt98L67VG518mV5sawXAiEW160fUZrUH4\nC9Ti8qA7QQbVhAL0Hvss39vSrbNAbme/JvqMAMVbdzeOC4TDITWM+9ELvXe+ENgk\nc68IimBtTHIVWN1Q9QiJWCXndDQiVRLYIAWBlZb8hwKCAQBm3FxiKDGERsZJ2SfX\n48rRuPHzKjw5mAUQ2kRSpJU3oO6uZ5WcbOo9xDfw87KMYKP3DeAx29xtFdosx/pt\nmq8QDhh8zFTEf5F6e7pY0TFWKJeQzb+Mh6vVlj57bJPTWkQmMPWu2eSX7RpmVPHK\n9udyE60ayJxZ5xbvRzYFGNfEKWL9igfrn4dpvgxM+yAl95WAST3a7xVJ0xkrylrg\nMbwqiEturJYx7J2BFPiFD1+kIWPSdgADWhm7Lk8qX2JAMVzBUgiR3zmGlbASzJrs\ns53K7l0WxuCjTdF0Dhp9fPKtggwL3HFinER+3CVCLQRi93kdJEu+voSOLgIv1jg0\nv4spAoIBAQCLd7XsQOGgbmVunKXpXpmN0QdE6nxbfia87WFNuW3T4MvP3+JhEJCu\nJUuHzLmdAu9SNdw9NuHzsahKogGaoxmcciktnOXM8Xk7k7ifGCqvtiaNa08YANwX\nQezM/j+y5A0hLPfAMjbPEZnnTjvDvOyZ5IB1bznvOCHoEj9tUdsnNAVzgOJMADZ+\nJBw1N9ZgOYqkAUIlrkSfIzUbGNwtFNbc/JE5I6xJEYtF5VGZcvpSaDVULEd/ey/D\nOQvruZIIu7SnARYgV5awKjraugyrsqJSj4mUnzclotTAloymYFwSGUWKtNtnhRi2\nTfy802imEBu1/Ucxc/gO/hh49N6VmAXnAoIBAFwv8NSeLnU1+iXQBguAa+5dydl3\nnq5ZvQMX+t4FWGPx3SfZjEBkJA9wUbbWA960Mc2BUK13M6wCuB+sA5oIhxjMYKCk\na085JA9BjXwBVim+plI0fqQ/R2iW+IPykFrGeWFb0smocqVTANrtKwA8inIgPy6r\nqUsH05xfy2bsVjpPBmOtgFZW5a5ajqsknp9bjvch/ahMaBa+OV1xEdJWIi9H5OGI\n5HAieegih+/tzQO38XoH2JIf9oPcC5FlPd0dt5R7YXMVYWOe1ayokZpcQH7VerpC\nufe8M48NAxQcrtUgnIXbZwwiMKcUTprJoUJvdBjER5RUkX0Ql10w6W630tc=\n-----END RSA PRIVATE KEY-----\n",
            "public_key_fingerprint_md5": "26:e4:06:dd:15:15:ea:f4:a5:6a:0f:ff:16:a6:2e:b0",
            "public_key_openssh": "ssh-rsa AAAAB3NzaC1yc2EAAAADAQABAAACAQDUiK4gwdVNtN/n1OQGpBh3FzP0rAGgOIiTvAFWUt8aafPL2sK9wmOXb3/uevR2fpb45mj5bYIsWAO73ijDlsF1jFr+TzWqYXHMSvuOfPq5EGcnqFa2cEkhT9tSlfPTlxw5WPt9CVdyoBJ2wMmlcPsNAvXRbcu8jtQuOPImPp4FwNJYSMtQXB9XoVOomxRo0e4VAHW000dxdZyu8Qo1eJ82gRwXu9gykGkk5+LidztYKUShvidLUEV2oFayBjv/fMvMyByv1qvb6hbvmTT3DmK99aepk4pZe9xBxGI/nuTBRc7iY0cRhko0Ffn1DvM+C2zsxMVGlz+JolJNDqu+yWUeWCWzkPhg3TfUM8TeXKmXoTIh+Pq1MvrbUP3qtM5qLDfu+2YkBEh1CtRNAK/Tamun1PAoDcrsy82bbzojnQaiXExM+qH0wRMsDvRxFr7semURPT8zfsmLer2XO4xcnuFG6qbsdQHDUFGWQ+tem5sJEkpbIc+m7bjJkP2Jup99Kk+uOzBx52ddoZ7w9LbwUDPLUUqT1jSW+L6y3IGKJhUsKsHfVDdAfn5yL561WIoGhfMM/R3vhGEYQw0ABjYoKap3VCrDaaz387gNEQ0sMPsatEoXFw+Dai1lVncyl/vyRd9cyTAULu5hK2H4Viy9X1Br8nGKNVInKKHuw3/NE4Hv3w==\n",
            "public_key_pem": "-----BEGIN PUBLIC KEY-----\nMIICIjANBgkqhkiG9w0BAQEFAAOCAg8AMIICCgKCAgEA1IiuIMHVTbTf59TkBqQY\ndxcz9KwBoDiIk7wBVlLfGmnzy9rCvcJjl29/7nr0dn6W+OZo+W2CLFgDu94ow5bB\ndYxa/k81qmFxzEr7jnz6uRBnJ6hWtnBJIU/bUpXz05ccOVj7fQlXcqASdsDJpXD7\nDQL10W3LvI7ULjjyJj6eBcDSWEjLUFwfV6FTqJsUaNHuFQB1tNNHcXWcrvEKNXif\nNoEcF7vYMpBpJOfi4nc7WClEob4nS1BFdqBWsgY7/3zLzMgcr9ar2+oW75k09w5i\nvfWnqZOKWXvcQcRiP57kwUXO4mNHEYZKNBX59Q7zPgts7MTFRpc/iaJSTQ6rvsll\nHlgls5D4YN031DPE3lypl6EyIfj6tTL621D96rTOaiw37vtmJARIdQrUTQCv02pr\np9TwKA3K7MvNm286I50GolxMTPqh9METLA70cRa+7HplET0/M37Ji3q9lzuMXJ7h\nRuqm7HUBw1BRlkPrXpubCRJKWyHPpu24yZD9ibqffSpPrjswcednXaGe8PS28FAz\ny1FKk9Y0lvi+styBiiYVLCrB31Q3QH5+ci+etViKBoXzDP0d74RhGEMNAAY2KCmq\nd1Qqw2ms9/O4DRENLDD7GrRKFxcPg2otZVZ3Mpf78kXfXMkwFC7uYSth+FYsvV9Q\na/JxijVSJyih7sN/zROB798CAwEAAQ==\n-----END PUBLIC KEY-----\n",
            "rsa_bits": 4096
          },
          "sensitive_attributes": [],
          "private": "bnVsbA==",
          "dependencies": [
            "module.network.aws_default_subnet.default_az1",
            "module.network.aws_security_group.FrontEndSG",
            "module.network.aws_security_group_rule.FrontEndSGEgress",
            "module.network.aws_security_group_rule.FrontEndSGIngress",
            "module.iam.aws_iam_role.OpsWorksAcess_role",
            "module.iam.aws_iam_role_policy.EC2Acess_policy",
            "module.iam.aws_iam_role_policy.OpsWorksAcess_policy",
            "module.iam.aws_iam_instance_profile.EC2Acess__profile",
            "module.iam.aws_iam_role.EC2Acess_role",
            "module.network.aws_default_vpc.default"
          ]
        }
      ]
    },
    {
      "module": "module.iam",
      "mode": "managed",
      "type": "aws_iam_instance_profile",
      "name": "EC2Acess__profile",
      "provider": "provider[\"registry.terraform.io/hashicorp/aws\"]",
      "instances": [
        {
          "schema_version": 0,
          "attributes": {
            "arn": "arn:aws:iam::336551641210:instance-profile/EC2Acess__profile",
            "create_date": "2021-12-10T16:15:34Z",
            "id": "EC2Acess__profile",
            "name": "EC2Acess__profile",
            "name_prefix": null,
            "path": "/",
            "role": "EC2Acess",
            "tags": {},
            "tags_all": {},
            "unique_id": "AIPAU4XAKQB5CXKCDYJAL"
          },
          "sensitive_attributes": [],
          "private": "bnVsbA==",
          "dependencies": [
            "module.iam.aws_iam_role.EC2Acess_role"
          ]
        }
      ]
    },
    {
      "module": "module.iam",
      "mode": "managed",
      "type": "aws_iam_role",
      "name": "EC2Acess_role",
      "provider": "provider[\"registry.terraform.io/hashicorp/aws\"]",
      "instances": [
        {
          "schema_version": 0,
          "attributes": {
            "arn": "arn:aws:iam::336551641210:role/EC2Acess",
            "assume_role_policy": "{\"Version\":\"2012-10-17\",\"Statement\":[{\"Sid\":\"\",\"Effect\":\"Allow\",\"Principal\":{\"Service\":\"ec2.amazonaws.com\"},\"Action\":\"sts:AssumeRole\"}]}",
            "create_date": "2021-12-10T16:15:31Z",
            "description": "",
            "force_detach_policies": false,
            "id": "EC2Acess",
            "inline_policy": [
              {
                "name": "EC2Acess__policy",
                "policy": "{\r\n    \"Version\": \"2012-10-17\",\r\n    \"Statement\": [\r\n        {\r\n            \"Effect\": \"Allow\",\r\n            \"Action\": [\r\n                \"ec2:*\",\r\n                \"opsworks:*\"\r\n            ],\r\n            \"Resource\": \"*\"\r\n        }\r\n    ]\r\n}"
              }
            ],
            "managed_policy_arns": [],
            "max_session_duration": 3600,
            "name": "EC2Acess",
            "name_prefix": "",
            "path": "/",
            "permissions_boundary": null,
            "tags": {
              "Name": "EC2Acess"
            },
            "tags_all": {
              "Name": "EC2Acess"
            },
            "unique_id": "AROAU4XAKQB5A3GGLJIW4"
          },
          "sensitive_attributes": [],
          "private": "bnVsbA=="
        }
      ]
    },
    {
      "module": "module.iam",
      "mode": "managed",
      "type": "aws_iam_role",
      "name": "OpsWorksAcess_role",
      "provider": "provider[\"registry.terraform.io/hashicorp/aws\"]",
      "instances": [
        {
          "schema_version": 0,
          "attributes": {
            "arn": "arn:aws:iam::336551641210:role/OpsWorksAcess",
            "assume_role_policy": "{\"Version\":\"2012-10-17\",\"Statement\":[{\"Sid\":\"\",\"Effect\":\"Allow\",\"Principal\":{\"Service\":\"opsworks.amazonaws.com\"},\"Action\":\"sts:AssumeRole\"}]}",
            "create_date": "2021-12-10T16:15:31Z",
            "description": "",
            "force_detach_policies": false,
            "id": "OpsWorksAcess",
            "inline_policy": [
              {
                "name": "OpsWorksAcessPolicy",
                "policy": "{\r\n    \"Version\": \"2012-10-17\",\r\n    \"Statement\": [\r\n        {\r\n            \"Effect\": \"Allow\",\r\n            \"Action\": [\r\n                \"ec2:*\",\r\n                \"iam:PassRole\",\r\n                \"cloudwatch:GetMetricStatistics\",\r\n                \"cloudwatch:DescribeAlarms\",\r\n                \"ecs:*\",\r\n                \"elasticloadbalancing:*\",\r\n                \"rds:*\"                    \r\n            ],\r\n            \"Resource\": \"*\"\r\n        }\r\n    ]\r\n}"
              }
            ],
            "managed_policy_arns": [],
            "max_session_duration": 3600,
            "name": "OpsWorksAcess",
            "name_prefix": "",
            "path": "/",
            "permissions_boundary": null,
            "tags": {
              "Name": "OpsWorksAcess"
            },
            "tags_all": {
              "Name": "OpsWorksAcess"
            },
            "unique_id": "AROAU4XAKQB5H2WKPZIV6"
          },
          "sensitive_attributes": [],
          "private": "bnVsbA=="
        }
      ]
    },
    {
      "module": "module.iam",
      "mode": "managed",
      "type": "aws_iam_role_policy",
      "name": "EC2Acess_policy",
      "provider": "provider[\"registry.terraform.io/hashicorp/aws\"]",
      "instances": [
        {
          "schema_version": 0,
          "attributes": {
            "id": "EC2Acess:EC2Acess__policy",
            "name": "EC2Acess__policy",
            "name_prefix": null,
            "policy": "{\r\n    \"Version\": \"2012-10-17\",\r\n    \"Statement\": [\r\n        {\r\n            \"Effect\": \"Allow\",\r\n            \"Action\": [\r\n                \"ec2:*\",\r\n                \"opsworks:*\"\r\n            ],\r\n            \"Resource\": \"*\"\r\n        }\r\n    ]\r\n}",
            "role": "EC2Acess"
          },
          "sensitive_attributes": [],
          "private": "bnVsbA==",
          "dependencies": [
            "module.iam.aws_iam_role.EC2Acess_role"
          ]
        }
      ]
    },
    {
      "module": "module.iam",
      "mode": "managed",
      "type": "aws_iam_role_policy",
      "name": "OpsWorksAcess_policy",
      "provider": "provider[\"registry.terraform.io/hashicorp/aws\"]",
      "instances": [
        {
          "schema_version": 0,
          "attributes": {
            "id": "OpsWorksAcess:OpsWorksAcessPolicy",
            "name": "OpsWorksAcessPolicy",
            "name_prefix": null,
            "policy": "{\r\n    \"Version\": \"2012-10-17\",\r\n    \"Statement\": [\r\n        {\r\n            \"Effect\": \"Allow\",\r\n            \"Action\": [\r\n                \"ec2:*\",\r\n                \"iam:PassRole\",\r\n                \"cloudwatch:GetMetricStatistics\",\r\n                \"cloudwatch:DescribeAlarms\",\r\n                \"ecs:*\",\r\n                \"elasticloadbalancing:*\",\r\n                \"rds:*\"                    \r\n            ],\r\n            \"Resource\": \"*\"\r\n        }\r\n    ]\r\n}",
            "role": "OpsWorksAcess"
          },
          "sensitive_attributes": [],
          "private": "bnVsbA==",
          "dependencies": [
            "module.iam.aws_iam_role.OpsWorksAcess_role"
          ]
        }
      ]
    },
    {
      "module": "module.network",
      "mode": "managed",
      "type": "aws_default_subnet",
      "name": "default_az1",
      "provider": "provider[\"registry.terraform.io/hashicorp/aws\"]",
      "instances": [
        {
          "schema_version": 1,
          "attributes": {
            "arn": "arn:aws:ec2:us-east-1:336551641210:subnet/subnet-0ebaa3437fca04e2f",
            "assign_ipv6_address_on_creation": false,
            "availability_zone": "us-east-1a",
            "availability_zone_id": "use1-az1",
            "cidr_block": "172.31.0.0/20",
            "customer_owned_ipv4_pool": "",
            "id": "subnet-0ebaa3437fca04e2f",
            "ipv6_cidr_block": "",
            "ipv6_cidr_block_association_id": "",
            "map_customer_owned_ip_on_launch": false,
            "map_public_ip_on_launch": true,
            "outpost_arn": "",
            "owner_id": "336551641210",
            "tags": {
              "Name": "default_az1"
            },
            "tags_all": {
              "Name": "default_az1"
            },
            "timeouts": null,
            "vpc_id": "vpc-022954133a5c7a304"
          },
          "sensitive_attributes": [],
          "private": "eyJlMmJmYjczMC1lY2FhLTExZTYtOGY4OC0zNDM2M2JjN2M0YzAiOnsiY3JlYXRlIjo2MDAwMDAwMDAwMDAsImRlbGV0ZSI6MTIwMDAwMDAwMDAwMH0sInNjaGVtYV92ZXJzaW9uIjoiMSJ9"
        }
      ]
    },
    {
      "module": "module.network",
      "mode": "managed",
      "type": "aws_default_vpc",
      "name": "default",
      "provider": "provider[\"registry.terraform.io/hashicorp/aws\"]",
      "instances": [
        {
          "schema_version": 1,
          "attributes": {
            "arn": "arn:aws:ec2:us-east-1:336551641210:vpc/vpc-022954133a5c7a304",
            "assign_generated_ipv6_cidr_block": false,
            "cidr_block": "172.31.0.0/16",
            "default_network_acl_id": "acl-02054a0540675c4de",
            "default_route_table_id": "rtb-007679b45f5da4123",
            "default_security_group_id": "sg-00cc5e6857f92d953",
            "dhcp_options_id": "dopt-0f6dfe76fa827cc85",
            "enable_classiclink": false,
            "enable_classiclink_dns_support": false,
            "enable_dns_hostnames": true,
            "enable_dns_support": true,
            "id": "vpc-022954133a5c7a304",
            "instance_tenancy": "default",
            "ipv4_ipam_pool_id": null,
            "ipv4_netmask_length": null,
            "ipv6_association_id": "",
            "ipv6_cidr_block": "",
            "ipv6_ipam_pool_id": null,
            "ipv6_netmask_length": null,
            "main_route_table_id": "rtb-007679b45f5da4123",
            "owner_id": "336551641210",
            "tags": {
              "Name": "Default VPC"
            },
            "tags_all": {
              "Name": "Default VPC"
            }
          },
          "sensitive_attributes": [],
          "private": "eyJzY2hlbWFfdmVyc2lvbiI6IjEifQ=="
        }
      ]
    },
    {
      "module": "module.network",
      "mode": "managed",
      "type": "aws_security_group",
      "name": "FrontEndSG",
      "provider": "provider[\"registry.terraform.io/hashicorp/aws\"]",
      "instances": [
        {
          "schema_version": 1,
          "attributes": {
            "arn": "arn:aws:ec2:us-east-1:336551641210:security-group/sg-07471b2f40ee7285d",
            "description": "Allow frontend traffics",
            "egress": [
              {
                "cidr_blocks": [
                  "0.0.0.0/0"
                ],
                "description": "",
                "from_port": 0,
                "ipv6_cidr_blocks": [],
                "prefix_list_ids": [],
                "protocol": "-1",
                "security_groups": [],
                "self": false,
                "to_port": 0
              }
            ],
            "id": "sg-07471b2f40ee7285d",
            "ingress": [
              {
                "cidr_blocks": [
                  "0.0.0.0/0"
                ],
                "description": "",
                "from_port": 0,
                "ipv6_cidr_blocks": [],
                "prefix_list_ids": [],
                "protocol": "-1",
                "security_groups": [],
                "self": false,
                "to_port": 0
              }
            ],
            "name": "FrontEndSG",
            "name_prefix": "",
            "owner_id": "336551641210",
            "revoke_rules_on_delete": false,
            "tags": {},
            "tags_all": {},
            "timeouts": null,
            "vpc_id": "vpc-022954133a5c7a304"
          },
          "sensitive_attributes": [],
          "private": "eyJlMmJmYjczMC1lY2FhLTExZTYtOGY4OC0zNDM2M2JjN2M0YzAiOnsiY3JlYXRlIjo2MDAwMDAwMDAwMDAsImRlbGV0ZSI6OTAwMDAwMDAwMDAwfSwic2NoZW1hX3ZlcnNpb24iOiIxIn0=",
          "dependencies": [
            "module.network.aws_default_vpc.default"
          ]
        }
      ]
    },
    {
      "module": "module.network",
      "mode": "managed",
      "type": "aws_security_group_rule",
      "name": "FrontEndSGEgress",
      "provider": "provider[\"registry.terraform.io/hashicorp/aws\"]",
      "instances": [
        {
          "schema_version": 2,
          "attributes": {
            "cidr_blocks": [
              "0.0.0.0/0"
            ],
            "description": "",
            "from_port": 0,
            "id": "sgrule-2420752485",
            "ipv6_cidr_blocks": [],
            "prefix_list_ids": [],
            "protocol": "-1",
            "security_group_id": "sg-07471b2f40ee7285d",
            "self": false,
            "source_security_group_id": null,
            "to_port": 0,
            "type": "egress"
          },
          "sensitive_attributes": [],
          "private": "eyJzY2hlbWFfdmVyc2lvbiI6IjIifQ==",
          "dependencies": [
            "module.network.aws_default_vpc.default",
            "module.network.aws_security_group.FrontEndSG"
          ]
        }
      ]
    },
    {
      "module": "module.network",
      "mode": "managed",
      "type": "aws_security_group_rule",
      "name": "FrontEndSGIngress",
      "provider": "provider[\"registry.terraform.io/hashicorp/aws\"]",
      "instances": [
        {
          "schema_version": 2,
          "attributes": {
            "cidr_blocks": [
              "0.0.0.0/0"
            ],
            "description": "",
            "from_port": 0,
            "id": "sgrule-3209363267",
            "ipv6_cidr_blocks": [],
            "prefix_list_ids": [],
            "protocol": "-1",
            "security_group_id": "sg-07471b2f40ee7285d",
            "self": false,
            "source_security_group_id": null,
            "to_port": 0,
            "type": "ingress"
          },
          "sensitive_attributes": [],
          "private": "eyJzY2hlbWFfdmVyc2lvbiI6IjIifQ==",
          "dependencies": [
            "module.network.aws_default_vpc.default",
            "module.network.aws_security_group.FrontEndSG"
          ]
        }
      ]
    }
  ]
}
